github.com/PuerkitoBio/goquery v1.5.0 h1:uGvmFXOA73IKluu/F84Xd1tt/z07GYm8X49XKHP7EJk=
github.com/PuerkitoBio/goquery v1.5.0/go.mod h1:qD2PgZ9lccMbQlc7eEOjaeRlFQON7xY8kdmcsrnKqMg=
github.com/andybalholm/cascadia v1.0.0 h1:hOCXnnZ5A+3eVDX8pvgl4kofXv2ELss0bKcqRySc45o=
github.com/andybalholm/cascadia v1.0.0/go.mod h1:GsXiBklL0woXo1j/WYWtSYYC4ouU9PqHO0sqidkEA4Y=
github.com/bogem/id3v2 v1.1.1 h1:FnjS2vytMeEb39tOMG09uz852MaEccA2A3asRM3XxbE=
github.com/bogem/id3v2 v1.1.1/go.mod h1:D1rDm80qF/ocBU+Ik8U4RKnwMq/oNkkB8vGcnrlMJmM=
github.com/cihub/seelog v0.0.0-20170130134532-f561c5e57575 h1:kHaBemcxl8o/pQ5VM1c8PVE1PubbNx3mjUr09OqWGCs=
github.com/cihub/seelog v0.0.0-20170130134532-f561c5e57575/go.mod h1:9d6lWj8KzO/fd/NrVaLscBKmPigpZpn5YawRPw+e3Yo=
github.com/davecgh/go-spew v1.1.0 h1:ZDRjVQ15GmhC3fiQ8ni8+OwkZQO4DARzQgrnXU1Liz8=
github.com/davecgh/go-spew v1.1.0/go.mod h1:J7Y8YcW2NihsgmVo/mv3lAwl/skON4iLHjSsI+c5H38=
github.com/davecgh/go-spew v1.1.1 h1:vj9j/u1bqnvCEfJOwUhtlOARqs3+rkHYY13jYWTU97c=
github.com/davecgh/go-spew v1.1.1/go.mod h1:J7Y8YcW2NihsgmVo/mv3lAwl/skON4iLHjSsI+c5H38=
github.com/deckarep/golang-set v1.7.1 h1:SCQV0S6gTtp6itiFrTqI+pfmJ4LN85S1YzhDf9rTHJQ=
github.com/deckarep/golang-set v1.7.1/go.mod h1:93vsz/8Wt4joVM7c2AVqh+YRMiUSc14yDtF28KmMOgQ=
github.com/jaytaylor/html2text v0.0.0-20180606194806-57d518f124b0 h1:xqgexXAGQgY3HAjNPSaCqn5Aahbo5TKsmhp8VRfr1iQ=
github.com/jaytaylor/html2text v0.0.0-20180606194806-57d518f124b0/go.mod h1:CVKlgaMiht+LXvHG173ujK6JUhZXKb2u/BQtjPDIvyk=
github.com/jdkato/prose v1.1.0 h1:LpvmDGwbKGTgdCH3a8VJL56sr7p/wOFPw/R4lM4PfFg=
github.com/jdkato/prose v1.1.0/go.mod h1:jkF0lkxaX5PFSlk9l4Gh9Y+T57TqUZziWT7uZbW5ADg=
github.com/konsorten/go-windows-terminal-sequences v1.0.1 h1:mweAR1A6xJ3oS2pRaGiHgQ4OO8tzTaLawm8vnODuwDk=
github.com/konsorten/go-windows-terminal-sequences v1.0.1/go.mod h1:T0+1ngSBFLxvqU3pZ+m/2kptfBszLMUkC4ZK/EgS/cQ=
github.com/mattn/go-colorable v0.1.0 h1:v2XXALHHh6zHfYTJ+cSkwtyffnaOyR1MXaA91mTrb8o=
github.com/mattn/go-colorable v0.1.0/go.mod h1:9vuHe8Xs5qXnSaW/c/ABM9alt+Vo+STaOChaDxuIBZU=
github.com/mattn/go-isatty v0.0.4 h1:bnP0vzxcAdeI1zdubAl5PjU6zsERjGZb7raWodagDYs=
github.com/mattn/go-isatty v0.0.4/go.mod h1:M+lRXTBqGeGNdLjl/ufCoiOlB5xdOkqRJdNxMWT7Zi4=
github.com/mattn/go-runewidth v0.0.4 h1:2BvfKmzob6Bmd4YsL0zygOqfdFnK7GR4QL06Do4/p7Y=
github.com/mattn/go-runewidth v0.0.4/go.mod h1:LwmH8dsx7+W8Uxz3IHJYH5QSwggIsqBzpuz5H//U1FU=
github.com/mingrammer/commonregex v1.0.0 h1:0nTEyFI+CKWog0IWbyP8jFwgdd+JZ30UYfYce/lG/9w=
github.com/mingrammer/commonregex v1.0.0/go.mod h1:GQen+jIfhWmXmDCzNk4ucLO8VUMxJO5QPWZ2RPwrS3A=
github.com/mitchellh/colorstring v0.0.0-20150917214807-8631ce90f286 h1:KHyL+3mQOF9sPfs26lsefckcFNDcIZtiACQiECzIUkw=
github.com/mitchellh/colorstring v0.0.0-20150917214807-8631ce90f286/go.mod h1:l0dey0ia/Uv7NcFFVbCLtqEBQbrT4OCwCSKTEv6enCw=
github.com/montanaflynn/stats v0.5.0 h1:2EkzeTSqBB4V4bJwWrt5gIIrZmpJBcoIRGS2kWLgzmk=
github.com/montanaflynn/stats v0.5.0/go.mod h1:wL8QJuTMNUDYhXwkmfOly8iTdp5TEcJFWZD2D7SIkUc=
github.com/olekukonko/tablewriter v0.0.1 h1:b3iUnf1v+ppJiOfNX4yxxqfWKMQPZR5yoh8urCTFX88=
github.com/olekukonko/tablewriter v0.0.1/go.mod h1:vsDQFd/mU46D+Z4whnwzcISnGGzXWMclvtLoiIKAKIo=
github.com/otium/ytdl v0.0.0-20181217105247-44fe64bba886 h1:ZRngxgVGQ9r6/KcX0uH4HKga7KsozkXSaeVIwc6jX1Y=
github.com/otium/ytdl v0.0.0-20181217105247-44fe64bba886/go.mod h1:592mOGF/cH7ud/s969KgRp28KKiMMIXkZcK2498KaPw=
github.com/pkg/errors v0.8.1 h1:iURUrRGxPUNPdy5/HRSm+Yj6okJ6UtLINN0Q9M4+h3I=
github.com/pkg/errors v0.8.1/go.mod h1:bwawxfHBFNV+L2hUp1rHADufV3IMtnDRdf1r5NINEl0=
github.com/pmezard/go-difflib v1.0.0 h1:4DBwDE0NGyQoBHbLQYPwSUPoCMWR5BEzIk/f1lZbAQM=
github.com/pmezard/go-difflib v1.0.0/go.mod h1:iKH77koFhYxTK1pcRnkKkqfTogsbg7gZNVY4sRDYZ/4=
github.com/schollz/getsong v0.4.0 h1:oee4/CtsbRpaOTOtzhzTnLPFBclX8KlArm0vSq9BjIQ=
github.com/schollz/getsong v0.4.0/go.mod h1:zVyC/pjwL7aywoReMDXd8f5za+RKGjKQ9P8hK9kQ4C8=
github.com/schollz/progressbar v1.0.0 h1:gbyFReLHDkZo8mxy/dLWMr+Mpb1MokGJ1FqCiqacjZM=
github.com/schollz/progressbar v1.0.0/go.mod h1:/l9I7PC3L3erOuz54ghIRKUEFcosiWfLvJv+Eq26UMs=
github.com/schollz/progressbar/v2 v2.9.1 h1:MDCBk8g0aNHR88Z9D8+p1tUBGG36f3SmrqiFlxBKTb4=
github.com/schollz/progressbar/v2 v2.9.1/go.mod h1:l6tn6yU6ZdQoF8lwX/VoAUQ3FjhCbrcZDnl9xeWZzYw=
github.com/sirupsen/logrus v1.3.0 h1:hI/7Q+DtNZ2kINb6qt/lS+IyXnHQe9e90POfeewL/ME=
github.com/sirupsen/logrus v1.3.0/go.mod h1:LxeOpSwHxABJmUn/MG1IvRgCAasNZTLOkJPxbbu5VWo=
github.com/ssor/bom v0.0.0-20170718123548-6386211fdfcf h1:pvbZ0lM0XWPBqUKqFU8cmavspvIl9nulOYwdy6IFRRo=
github.com/ssor/bom v0.0.0-20170718123548-6386211fdfcf/go.mod h1:RJID2RhlZKId02nZ62WenDCkgHFerpIOmW0iT7GKmXM=
github.com/stretchr/objx v0.1.0/go.mod h1:HFkY916IF+rwdDfMAkV7OtwuqBVzrE8GR6GFx+wExME=
github.com/stretchr/objx v0.1.1/go.mod h1:HFkY916IF+rwdDfMAkV7OtwuqBVzrE8GR6GFx+wExME=
github.com/stretchr/testify v1.2.2/go.mod h1:a8OnRcib4nhh0OaRAV+Yts87kKdq0PP7pXfy6kDkUVs=
github.com/stretchr/testify v1.3.0 h1:TivCn/peBQ7UY8ooIcPgZFpTNSz0Q2U6UrFlUfqbe0Q=
github.com/stretchr/testify v1.3.0/go.mod h1:M5WIy9Dh21IEIfnGCwXGc5bZfKNJtfHm1UVUgZn+9EI=
github.com/xrash/smetrics v0.0.0-20170218160415-a3153f7040e9/go.mod h1:N3UwUGtsrSj3ccvlPHLoLsHnpR27oXr4ZE984MbSER8=
golang.org/x/crypto v0.0.0-20180904163835-0709b304e793/go.mod h1:6SG95UA2DQfeDnfUPMdvaQW0Q7yPrPDi9nlGo2tz2b4=
golang.org/x/crypto v0.0.0-20190131182504-b8fe1690c613/go.mod h1:6SG95UA2DQfeDnfUPMdvaQW0Q7yPrPDi9nlGo2tz2b4=
golang.org/x/crypto v0.0.0-20190208162236-193df9c0f06f h1:ETU2VEl7TnT5bl7IvuKEzTDpplg5wzGYsOCAPhdoEIg=
golang.org/x/crypto v0.0.0-20190208162236-193df9c0f06f/go.mod h1:6SG95UA2DQfeDnfUPMdvaQW0Q7yPrPDi9nlGo2tz2b4=
golang.org/x/exp v0.0.0-20180321215751-8460e604b9de/go.mod h1:CJ0aWSM057203Lf6IL+f9T1iT9GByDxfZKAQTCR3kQA=
golang.org/x/exp v0.0.0-20190125153040-c74c464bbbf2/go.mod h1:CJ0aWSM057203Lf6IL+f9T1iT9GByDxfZKAQTCR3kQA=
golang.org/x/net v0.0.0-20180218175443-cbe0f9307d01/go.mod h1:mL1N/T3taQHkDXs73rZJwtUhF3w3ftmwwsq0BUmARs4=
golang.org/x/net v0.0.0-20181114220301-adae6a3d119a/go.mod h1:mL1N/T3taQHkDXs73rZJwtUhF3w3ftmwwsq0BUmARs4=
golang.org/x/net v0.0.0-20190125091013-d26f9f9a57f3/go.mod h1:mL1N/T3taQHkDXs73rZJwtUhF3w3ftmwwsq0BUmARs4=
golang.org/x/net v0.0.0-20190206173232-65e2d4e15006 h1:bfLnR+k0tq5Lqt6dflRLcZiz6UaXCMt3vhYJ1l4FQ80=
golang.org/x/net v0.0.0-20190206173232-65e2d4e15006/go.mod h1:mL1N/T3taQHkDXs73rZJwtUhF3w3ftmwwsq0BUmARs4=
golang.org/x/sys v0.0.0-20180905080454-ebe1bf3edb33/go.mod h1:STP8DvDyc/dI5b8T5hshtkjS+E42TnysNCUPdjciGhY=
golang.org/x/sys v0.0.0-20190203050204-7ae0202eb74c/go.mod h1:STP8DvDyc/dI5b8T5hshtkjS+E42TnysNCUPdjciGhY=
golang.org/x/sys v0.0.0-20190204203706-41f3e6584952 h1:FDfvYgoVsA7TTZSbgiqjAbfPbK47CNHdWl3h/PJtii0=
golang.org/x/sys v0.0.0-20190204203706-41f3e6584952/go.mod h1:STP8DvDyc/dI5b8T5hshtkjS+E42TnysNCUPdjciGhY=
golang.org/x/text v0.3.0 h1:g61tztE5qeGQ89tm6NTjjM9VPIm088od1l6aSorWRWg=
golang.org/x/text v0.3.0/go.mod h1:NqM8EUOU14njkJ3fqMW+pc6Ldnwhi/IjpwHt7yyuwOQ=
golang.org/x/tools v0.0.0-20180525024113-a5b4c53f6e8b/go.mod h1:n7NCudcB/nEzxVGmLbDWY5pfWTLqBcC2KZ6jyYvM4mQ=
golang.org/x/tools v0.0.0-20190208222737-3744606dbb67/go.mod h1:n7NCudcB/nEzxVGmLbDWY5pfWTLqBcC2KZ6jyYvM4mQ=
gonum.org/v1/gonum v0.0.0-20190208195638-5e1727134aca h1:MMq43HYLu3Ol9wcqSBFGMDpbcEJ2i9v3uSCsojk1xbM=
gonum.org/v1/gonum v0.0.0-20190208195638-5e1727134aca/go.mod h1:Y+Yx5eoAFn32cQvJDxZx5Dpnq+c3wtXuadVZAcxbbBo=
gopkg.in/jdkato/prose.v2 v2.0.0-20180825173540-767a23049b9e h1:yDDVJ347kU7Ro+H2CRgKmAEbFXfHwjyPuXgVd6H+3N8=
gopkg.in/jdkato/prose.v2 v2.0.0-20180825173540-767a23049b9e/go.mod h1:1uCyb8jSeRMeIfMJgVyxYssmCTAlxLBkueX+Iu2UilA=
gopkg.in/neurosnap/sentences.v1 v1.0.6 h1:v7ElyP020iEZQONyLld3fHILHWOPs+ntzuQTNPkul8E=
gopkg.in/neurosnap/sentences.v1 v1.0.6/go.mod h1:YlK+SN+fLQZj+kY3r8DkGDhDr91+S3JmTb5LSxFRQo0=
